{
  "name": "dunston_testing",
  "version": "1.0.0",
  "lockfileVersion": 1,
  "requires": true,
  "dependencies": {
    "@craftybones/assembly_simulator": {
      "version": "0.2.1",
      "resolved": "https://registry.npmjs.org/@craftybones/assembly_simulator/-/assembly_simulator-0.2.1.tgz",
      "integrity": "sha512-1F139od75QenrE4Pj2E68SLKp26jIl5XOF3UeKQppaoOK+03WJhklSlRQ7FNE4q3RBJC84hu/b2LnwJG5UE+4g=="
    }
  }
}
